
Microsoft Visual Studio Solution File, Format Version 12.00
# Visual Studio Express 2013 for Web
VisualStudioVersion = 12.0.30723.0
MinimumVisualStudioVersion = 10.0.40219.1
Project("{FAE04EC0-301F-11D3-BF4B-00C04F79EFBC}") = "NinthChevron.Data", "NinthChevron.Data\NinthChevron.Data.csproj", "{62FF886F-4096-4869-8C42-6C0D8BF0724F}"
EndProject
Project("{2150E333-8FDC-42A3-9474-1A3956D46DE8}") = ".nuget", ".nuget", "{0063D668-D113-4EB2-B557-77333F7E1991}"
	ProjectSection(SolutionItems) = preProject
		.nuget\NuGet.Config = .nuget\NuGet.Config
		.nuget\nuget.exe = .nuget\nuget.exe
		.nuget\NuGet.targets = .nuget\NuGet.targets
	EndProjectSection
EndProject
Project("{FAE04EC0-301F-11D3-BF4B-00C04F79EFBC}") = "NinthChevron.Core", "NinthChevron.Core\NinthChevron.Core.csproj", "{0C974BCF-1A08-43F2-B503-C3656162F035}"
EndProject
Project("{FAE04EC0-301F-11D3-BF4B-00C04F79EFBC}") = "Sandbox", "Sandbox\Sandbox.csproj", "{04FD5F21-096F-4A7F-9C38-C4569D452B82}"
EndProject
Project("{FAE04EC0-301F-11D3-BF4B-00C04F79EFBC}") = "TestSandbox", "TestSandbox\TestSandbox.csproj", "{4F4B2E07-9845-446C-ACB6-9402F0DEC48D}"
EndProject
Project("{FAE04EC0-301F-11D3-BF4B-00C04F79EFBC}") = "NinthChevron.ILInjector", "NinthChevron.ILInjector\NinthChevron.ILInjector.csproj", "{89FE026E-AABB-4076-AC70-4BDBF9ECD682}"
EndProject
Project("{FAE04EC0-301F-11D3-BF4B-00C04F79EFBC}") = "NinthChevron.Data.MySql", "NinthChevron.Data.MySql\NinthChevron.Data.MySql.csproj", "{A2DED9F4-C3EB-426B-92D0-94AA34BCB1BE}"
EndProject
Project("{FAE04EC0-301F-11D3-BF4B-00C04F79EFBC}") = "NinthChevron.Data.MySql.Test", "NinthChevron.UnitTest\NinthChevron.Data.MySql.Test\NinthChevron.Data.MySql.Test.csproj", "{2DEAB805-A946-4422-A4D2-AB44F184D6A2}"
EndProject
Project("{FAE04EC0-301F-11D3-BF4B-00C04F79EFBC}") = "NinthChevron.Data.SqlServer.Test", "NinthChevron.UnitTest\NinthChevron.Data.SqlServer.Test\NinthChevron.Data.SqlServer.Test.csproj", "{0053A9E9-AFEF-4390-BAEC-3FC0A332DF88}"
	ProjectSection(ProjectDependencies) = postProject
		{89FE026E-AABB-4076-AC70-4BDBF9ECD682} = {89FE026E-AABB-4076-AC70-4BDBF9ECD682}
		{62FF886F-4096-4869-8C42-6C0D8BF0724F} = {62FF886F-4096-4869-8C42-6C0D8BF0724F}
		{0C974BCF-1A08-43F2-B503-C3656162F035} = {0C974BCF-1A08-43F2-B503-C3656162F035}
	EndProjectSection
EndProject
Project("{2150E333-8FDC-42A3-9474-1A3956D46DE8}") = "NinthChevron.UnitTest", "NinthChevron.UnitTest", "{6E1B540F-1E10-4B7D-836B-BEBD40148589}"
EndProject
Project("{FAE04EC0-301F-11D3-BF4B-00C04F79EFBC}") = "NinthChevron.Data.SqlServer", "NinthChevron.Data.SqlServer\NinthChevron.Data.SqlServer.csproj", "{BAA7763C-8842-44A7-B450-813FDCAEF0B4}"
EndProject
Project("{FAE04EC0-301F-11D3-BF4B-00C04F79EFBC}") = "NuGet.NinthChevron.Core", "Nuget Packages\NuGet.BlueBoxSharp.Core\NuGet.NinthChevron.Core.csproj", "{0451BAEF-DF2E-4B98-8644-94EE9415E389}"
	ProjectSection(ProjectDependencies) = postProject
		{0C974BCF-1A08-43F2-B503-C3656162F035} = {0C974BCF-1A08-43F2-B503-C3656162F035}
	EndProjectSection
EndProject
Project("{2150E333-8FDC-42A3-9474-1A3956D46DE8}") = "Nuget Packages", "Nuget Packages", "{F1CFEED1-7F80-4ADD-972A-79933DE2BEB3}"
EndProject
Project("{FAE04EC0-301F-11D3-BF4B-00C04F79EFBC}") = "NuGet.NinthChevron.Data.MySql", "Nuget Packages\NuGet.BlueBoxSharp.Data.MySql\NuGet.NinthChevron.Data.MySql.csproj", "{1A608669-67BD-4F89-9698-D79CB97EF498}"
	ProjectSection(ProjectDependencies) = postProject
		{62FF886F-4096-4869-8C42-6C0D8BF0724F} = {62FF886F-4096-4869-8C42-6C0D8BF0724F}
		{A2DED9F4-C3EB-426B-92D0-94AA34BCB1BE} = {A2DED9F4-C3EB-426B-92D0-94AA34BCB1BE}
	EndProjectSection
EndProject
Project("{FAE04EC0-301F-11D3-BF4B-00C04F79EFBC}") = "NuGet.NinthChevron.Data.SqlServer", "Nuget Packages\NuGet.BlueBoxSharp.Data.SqlServer\NuGet.NinthChevron.Data.SqlServer.csproj", "{A8A1A82D-3397-4F21-AC3F-E52EA8DDC57D}"
	ProjectSection(ProjectDependencies) = postProject
		{BAA7763C-8842-44A7-B450-813FDCAEF0B4} = {BAA7763C-8842-44A7-B450-813FDCAEF0B4}
		{62FF886F-4096-4869-8C42-6C0D8BF0724F} = {62FF886F-4096-4869-8C42-6C0D8BF0724F}
	EndProjectSection
EndProject
Project("{FAE04EC0-301F-11D3-BF4B-00C04F79EFBC}") = "NuGet.NinthChevron.StrongConfig", "Nuget Packages\NuGet.NinthChevron.StrongConfig\NuGet.NinthChevron.StrongConfig.csproj", "{74445BC4-5CC9-45D0-A296-989973AF50AC}"
	ProjectSection(ProjectDependencies) = postProject
		{0C974BCF-1A08-43F2-B503-C3656162F035} = {0C974BCF-1A08-43F2-B503-C3656162F035}
	EndProjectSection
EndProject
Global
	GlobalSection(SolutionConfigurationPlatforms) = preSolution
		Debug|Any CPU = Debug|Any CPU
		Release|Any CPU = Release|Any CPU
	EndGlobalSection
	GlobalSection(ProjectConfigurationPlatforms) = postSolution
		{62FF886F-4096-4869-8C42-6C0D8BF0724F}.Debug|Any CPU.ActiveCfg = Debug|Any CPU
		{62FF886F-4096-4869-8C42-6C0D8BF0724F}.Debug|Any CPU.Build.0 = Debug|Any CPU
		{62FF886F-4096-4869-8C42-6C0D8BF0724F}.Release|Any CPU.ActiveCfg = Release|Any CPU
		{62FF886F-4096-4869-8C42-6C0D8BF0724F}.Release|Any CPU.Build.0 = Release|Any CPU
		{0C974BCF-1A08-43F2-B503-C3656162F035}.Debug|Any CPU.ActiveCfg = Debug|Any CPU
		{0C974BCF-1A08-43F2-B503-C3656162F035}.Debug|Any CPU.Build.0 = Debug|Any CPU
		{0C974BCF-1A08-43F2-B503-C3656162F035}.Release|Any CPU.ActiveCfg = Release|Any CPU
		{0C974BCF-1A08-43F2-B503-C3656162F035}.Release|Any CPU.Build.0 = Release|Any CPU
		{04FD5F21-096F-4A7F-9C38-C4569D452B82}.Debug|Any CPU.ActiveCfg = Debug|Any CPU
		{04FD5F21-096F-4A7F-9C38-C4569D452B82}.Debug|Any CPU.Build.0 = Debug|Any CPU
		{04FD5F21-096F-4A7F-9C38-C4569D452B82}.Release|Any CPU.ActiveCfg = Release|Any CPU
		{04FD5F21-096F-4A7F-9C38-C4569D452B82}.Release|Any CPU.Build.0 = Release|Any CPU
		{4F4B2E07-9845-446C-ACB6-9402F0DEC48D}.Debug|Any CPU.ActiveCfg = Debug|Any CPU
		{4F4B2E07-9845-446C-ACB6-9402F0DEC48D}.Debug|Any CPU.Build.0 = Debug|Any CPU
		{4F4B2E07-9845-446C-ACB6-9402F0DEC48D}.Release|Any CPU.ActiveCfg = Release|Any CPU
		{4F4B2E07-9845-446C-ACB6-9402F0DEC48D}.Release|Any CPU.Build.0 = Release|Any CPU
		{89FE026E-AABB-4076-AC70-4BDBF9ECD682}.Debug|Any CPU.ActiveCfg = Debug|Any CPU
		{89FE026E-AABB-4076-AC70-4BDBF9ECD682}.Release|Any CPU.ActiveCfg = Release|Any CPU
		{A2DED9F4-C3EB-426B-92D0-94AA34BCB1BE}.Debug|Any CPU.ActiveCfg = Debug|Any CPU
		{A2DED9F4-C3EB-426B-92D0-94AA34BCB1BE}.Debug|Any CPU.Build.0 = Debug|Any CPU
		{A2DED9F4-C3EB-426B-92D0-94AA34BCB1BE}.Release|Any CPU.ActiveCfg = Release|Any CPU
		{A2DED9F4-C3EB-426B-92D0-94AA34BCB1BE}.Release|Any CPU.Build.0 = Release|Any CPU
		{2DEAB805-A946-4422-A4D2-AB44F184D6A2}.Debug|Any CPU.ActiveCfg = Debug|Any CPU
		{2DEAB805-A946-4422-A4D2-AB44F184D6A2}.Debug|Any CPU.Build.0 = Debug|Any CPU
		{2DEAB805-A946-4422-A4D2-AB44F184D6A2}.Release|Any CPU.ActiveCfg = Release|Any CPU
		{2DEAB805-A946-4422-A4D2-AB44F184D6A2}.Release|Any CPU.Build.0 = Release|Any CPU
		{0053A9E9-AFEF-4390-BAEC-3FC0A332DF88}.Debug|Any CPU.ActiveCfg = Debug|Any CPU
		{0053A9E9-AFEF-4390-BAEC-3FC0A332DF88}.Debug|Any CPU.Build.0 = Debug|Any CPU
		{0053A9E9-AFEF-4390-BAEC-3FC0A332DF88}.Release|Any CPU.ActiveCfg = Release|Any CPU
		{0053A9E9-AFEF-4390-BAEC-3FC0A332DF88}.Release|Any CPU.Build.0 = Release|Any CPU
		{BAA7763C-8842-44A7-B450-813FDCAEF0B4}.Debug|Any CPU.ActiveCfg = Debug|Any CPU
		{BAA7763C-8842-44A7-B450-813FDCAEF0B4}.Debug|Any CPU.Build.0 = Debug|Any CPU
		{BAA7763C-8842-44A7-B450-813FDCAEF0B4}.Release|Any CPU.ActiveCfg = Release|Any CPU
		{BAA7763C-8842-44A7-B450-813FDCAEF0B4}.Release|Any CPU.Build.0 = Release|Any CPU
		{0451BAEF-DF2E-4B98-8644-94EE9415E389}.Debug|Any CPU.ActiveCfg = Debug|Any CPU
		{0451BAEF-DF2E-4B98-8644-94EE9415E389}.Release|Any CPU.ActiveCfg = Release|Any CPU
		{0451BAEF-DF2E-4B98-8644-94EE9415E389}.Release|Any CPU.Build.0 = Release|Any CPU
		{1A608669-67BD-4F89-9698-D79CB97EF498}.Debug|Any CPU.ActiveCfg = Debug|Any CPU
		{1A608669-67BD-4F89-9698-D79CB97EF498}.Release|Any CPU.ActiveCfg = Release|Any CPU
		{1A608669-67BD-4F89-9698-D79CB97EF498}.Release|Any CPU.Build.0 = Release|Any CPU
		{A8A1A82D-3397-4F21-AC3F-E52EA8DDC57D}.Debug|Any CPU.ActiveCfg = Debug|Any CPU
		{A8A1A82D-3397-4F21-AC3F-E52EA8DDC57D}.Release|Any CPU.ActiveCfg = Release|Any CPU
		{A8A1A82D-3397-4F21-AC3F-E52EA8DDC57D}.Release|Any CPU.Build.0 = Release|Any CPU
		{74445BC4-5CC9-45D0-A296-989973AF50AC}.Debug|Any CPU.ActiveCfg = Debug|Any CPU
		{74445BC4-5CC9-45D0-A296-989973AF50AC}.Release|Any CPU.ActiveCfg = Release|Any CPU
		{74445BC4-5CC9-45D0-A296-989973AF50AC}.Release|Any CPU.Build.0 = Release|Any CPU
	EndGlobalSection
	GlobalSection(SolutionProperties) = preSolution
		HideSolutionNode = FALSE
	EndGlobalSection
	GlobalSection(NestedProjects) = preSolution
		{2DEAB805-A946-4422-A4D2-AB44F184D6A2} = {6E1B540F-1E10-4B7D-836B-BEBD40148589}
		{0053A9E9-AFEF-4390-BAEC-3FC0A332DF88} = {6E1B540F-1E10-4B7D-836B-BEBD40148589}
		{0451BAEF-DF2E-4B98-8644-94EE9415E389} = {F1CFEED1-7F80-4ADD-972A-79933DE2BEB3}
		{1A608669-67BD-4F89-9698-D79CB97EF498} = {F1CFEED1-7F80-4ADD-972A-79933DE2BEB3}
		{A8A1A82D-3397-4F21-AC3F-E52EA8DDC57D} = {F1CFEED1-7F80-4ADD-972A-79933DE2BEB3}
		{74445BC4-5CC9-45D0-A296-989973AF50AC} = {F1CFEED1-7F80-4ADD-972A-79933DE2BEB3}
	EndGlobalSection
EndGlobal
